
Microsoft Visual Studio Solution File, Format Version 12.00
# Visual Studio Version 17
VisualStudioVersion = 17.2.32616.157
MinimumVisualStudioVersion = 10.0.40219.1
Project("{FAE04EC0-301F-11D3-BF4B-00C04F79EFBC}") = "UnitTests", "UnitTests\UnitTests.csproj", "{F5FDE958-4451-44FF-9C9B-E20C0584FC3B}"
EndProject
Project("{FAE04EC0-301F-11D3-BF4B-00C04F79EFBC}") = "BPUtil", "BPUtil\BPUtil.csproj", "{BA014D8D-E1B3-CF10-5D12-419B6960EB72}"
EndProject
Global
	GlobalSection(SolutionConfigurationPlatforms) = preSolution
		Debug|Any CPU = Debug|Any CPU
		Release|Any CPU = Release|Any CPU
	EndGlobalSection
	GlobalSection(ProjectConfigurationPlatforms) = postSolution
		{F5FDE958-4451-44FF-9C9B-E20C0584FC3B}.Debug|Any CPU.ActiveCfg = Debug|Any CPU
		{F5FDE958-4451-44FF-9C9B-E20C0584FC3B}.Debug|Any CPU.Build.0 = Debug|Any CPU
		{F5FDE958-4451-44FF-9C9B-E20C0584FC3B}.Release|Any CPU.ActiveCfg = Release|Any CPU
		{F5FDE958-4451-44FF-9C9B-E20C0584FC3B}.Release|Any CPU.Build.0 = Release|Any CPU
		{BA014D8D-E1B3-CF10-5D12-419B6960EB72}.Debug|Any CPU.ActiveCfg = Debug|Any CPU
		{BA014D8D-E1B3-CF10-5D12-419B6960EB72}.Debug|Any CPU.Build.0 = Debug|Any CPU
		{BA014D8D-E1B3-CF10-5D12-419B6960EB72}.Release|Any CPU.ActiveCfg = Release|Any CPU
		{BA014D8D-E1B3-CF10-5D12-419B6960EB72}.Release|Any CPU.Build.0 = Release|Any CPU
	EndGlobalSection
	GlobalSection(SolutionProperties) = preSolution
		HideSolutionNode = FALSE
	EndGlobalSection
	GlobalSection(ExtensibilityGlobals) = postSolution
		SolutionGuid = {9E499D90-B970-4E6C-A020-4A550508185E}
	EndGlobalSection
EndGlobal
